{
  "name": "scrape",
  "version": "1.0.0",
  "lockfileVersion": 1,
  "requires": true,
  "dependencies": {
    "asynckit": {
      "version": "0.4.0",
      "resolved": "https://registry.npmjs.org/asynckit/-/asynckit-0.4.0.tgz",
      "integrity": "sha1-x57Zf380y48robyXkLzDZkdLS3k=",
      "dev": true
    },
    "axios": {
      "version": "0.19.2",
      "resolved": "https://registry.npmjs.org/axios/-/axios-0.19.2.tgz",
      "integrity": "sha512-fjgm5MvRHLhx+osE2xoekY70AhARk3a6hkN+3Io1jc00jtquGvxYlKlsFUhmUET0V5te6CcZI7lcv2Ym61mjHA==",
      "dev": true,
      "requires": {
        "follow-redirects": "1.5.10"
      }
    },
    "axios-file": {
      "version": "1.0.17",
      "resolved": "https://registry.npmjs.org/axios-file/-/axios-file-1.0.17.tgz",
      "integrity": "sha512-6fQuRXBHvbqoqZEa5fytS+d6VBSrLdireF7hLDrm467az5cHWk++lmQNnS3t/+vgWbluOlzisKg82elaZ42aig==",
      "dev": true,
      "requires": {
        "axios": "^0.19.0",
        "form-data": "^2.3.3"
      }
    },
    "b64-to-blob": {
      "version": "1.2.19",
      "resolved": "https://registry.npmjs.org/b64-to-blob/-/b64-to-blob-1.2.19.tgz",
      "integrity": "sha512-L3nSu8GgF4iEyNYakCQSfL2F5GI5aCXcot9mNTf+4N0/BMhpxqqHyOb6jIR24iq2xLjQZLG8FOt3gnUcV+9NVg==",
      "dev": true
    },
    "blob-polyfill": {
      "version": "4.0.20200601",
      "resolved": "https://registry.npmjs.org/blob-polyfill/-/blob-polyfill-4.0.20200601.tgz",
      "integrity": "sha512-1jB6WOIp6IDxNyng5+9A8g/f0uiphib2ELCN+XAnlssinsW8s1k4VYG9b1TxIUd3pdm9RJSLQuBh6iohYmD4hA==",
      "dev": true
    },
    "combined-stream": {
      "version": "1.0.8",
      "resolved": "https://registry.npmjs.org/combined-stream/-/combined-stream-1.0.8.tgz",
      "integrity": "sha512-FQN4MRfuJeHf7cBbBMJFXhKSDq+2kAArBlmRBvcvFE5BB1HZKXtSFASDhdlz9zOYwxh8lDdnvmMOe/+5cdoEdg==",
      "dev": true,
      "requires": {
        "delayed-stream": "~1.0.0"
      }
    },
    "cross-blob": {
      "version": "2.0.0",
      "resolved": "https://registry.npmjs.org/cross-blob/-/cross-blob-2.0.0.tgz",
      "integrity": "sha512-NWzFuyG4GTZnM9MtQvjPYVlO12lZCSBdoHIHCZl9WKShsK3CqO+bEH7nuKwlVomlByb37XvT6nVY5uQxDBmk5Q==",
      "dev": true,
      "requires": {
        "blob-polyfill": "^4.0.20200601",
        "fetch-blob": "^2.0.1"
      }
    },
    "debug": {
      "version": "3.1.0",
      "resolved": "https://registry.npmjs.org/debug/-/debug-3.1.0.tgz",
      "integrity": "sha512-OX8XqP7/1a9cqkxYw2yXss15f26NKWBpDXQd0/uK/KPqdQhxbPa994hnzjcE2VqQpDslf55723cKPUOGSmMY3g==",
      "dev": true,
      "requires": {
        "ms": "2.0.0"
      }
    },
    "delayed-stream": {
      "version": "1.0.0",
      "resolved": "https://registry.npmjs.org/delayed-stream/-/delayed-stream-1.0.0.tgz",
      "integrity": "sha1-3zrhmayt+31ECqrgsp4icrJOxhk=",
      "dev": true
    },
    "fetch-blob": {
      "version": "2.1.1",
      "resolved": "https://registry.npmjs.org/fetch-blob/-/fetch-blob-2.1.1.tgz",
      "integrity": "sha512-Uf+gxPCe1hTOFXwkxYyckn8iUSk6CFXGy5VENZKifovUTZC9eUODWSBhOBS7zICGrAetKzdwLMr85KhIcePMAQ==",
      "dev": true
    },
    "file-saver": {
      "version": "2.0.2",
      "resolved": "https://registry.npmjs.org/file-saver/-/file-saver-2.0.2.tgz",
      "integrity": "sha512-Wz3c3XQ5xroCxd1G8b7yL0Ehkf0TC9oYC6buPFkNnU9EnaPlifeAFCyCh+iewXTyFRcg0a6j3J7FmJsIhlhBdw==",
      "dev": true
    },
    "follow-redirects": {
      "version": "1.5.10",
      "resolved": "https://registry.npmjs.org/follow-redirects/-/follow-redirects-1.5.10.tgz",
      "integrity": "sha512-0V5l4Cizzvqt5D44aTXbFZz+FtyXV1vrDN6qrelxtfYQKW0KO0W2T/hkE8xvGa/540LkZlkaUjO4ailYTFtHVQ==",
      "dev": true,
      "requires": {
        "debug": "=3.1.0"
      }
    },
    "form-data": {
      "version": "2.5.1",
      "resolved": "https://registry.npmjs.org/form-data/-/form-data-2.5.1.tgz",
      "integrity": "sha512-m21N3WOmEEURgk6B9GLOE4RuWOFf28Lhh9qGYeNlGq4VDXUlJy2th2slBNU8Gp8EzloYZOibZJ7t5ecIrFSjVA==",
      "dev": true,
      "requires": {
        "asynckit": "^0.4.0",
        "combined-stream": "^1.0.6",
        "mime-types": "^2.1.12"
      }
    },
    "js-file-download": {
      "version": "0.4.12",
      "resolved": "https://registry.npmjs.org/js-file-download/-/js-file-download-0.4.12.tgz",
      "integrity": "sha512-rML+NkoD08p5Dllpjo0ffy4jRHeY6Zsapvr/W86N7E0yuzAO6qa5X9+xog6zQNlH102J7IXljNY2FtS6Lj3ucg==",
      "dev": true
    },
    "mime-db": {
      "version": "1.44.0",
      "resolved": "https://registry.npmjs.org/mime-db/-/mime-db-1.44.0.tgz",
      "integrity": "sha512-/NOTfLrsPBVeH7YtFPgsVWveuL+4SjjYxaQ1xtM1KMFj7HdxlBlxeyNLzhyJVx7r4rZGJAZ/6lkKCitSc/Nmpg==",
      "dev": true
    },
    "mime-types": {
      "version": "2.1.27",
      "resolved": "https://registry.npmjs.org/mime-types/-/mime-types-2.1.27.tgz",
      "integrity": "sha512-JIhqnCasI9yD+SsmkquHBxTSEuZdQX5BuQnS2Vc7puQQQ+8yiP5AY5uWhpdv4YL4VM5c6iliiYWPgJ/nJQLp7w==",
      "dev": true,
      "requires": {
        "mime-db": "1.44.0"
      }
    },
    "ms": {
      "version": "2.0.0",
      "resolved": "https://registry.npmjs.org/ms/-/ms-2.0.0.tgz",
      "integrity": "sha1-VgiurfwAvmwpAd9fmGF4jeDVl8g=",
      "dev": true
    }
  }
}
